
Microsoft Visual Studio Solution File, Format Version 12.00
# Visual Studio 14
VisualStudioVersion = 14.0.25420.1
MinimumVisualStudioVersion = 10.0.40219.1
Project("{8BC9CEB8-8B4A-11D0-8D11-00A0C91BC942}") = "LexicalAnalyzer", "Project1\Project1.vcxproj", "{2516CB81-DB1D-40A7-9531-A53F077564B0}"
EndProject
Project("{8BC9CEB8-8B4A-11D0-8D11-00A0C91BC942}") = "UnitTest_KiwiCompiler", "UnitTest_KiwiCompiler\UnitTest_KiwiCompiler.vcxproj", "{45654EB4-CC72-435C-B4E0-16CEB62D2389}"
	ProjectSection(ProjectDependencies) = postProject
		{FF9A4A02-0DEC-40F4-B62C-C47ED9AF8B99} = {FF9A4A02-0DEC-40F4-B62C-C47ED9AF8B99}
	EndProjectSection
EndProject
Project("{8BC9CEB8-8B4A-11D0-8D11-00A0C91BC942}") = "SyntaxAnalyzer", "SyntaxAnalyzer\SyntaxAnalyzer.vcxproj", "{FF9A4A02-0DEC-40F4-B62C-C47ED9AF8B99}"
EndProject
Project("{8BC9CEB8-8B4A-11D0-8D11-00A0C91BC942}") = "Utils", "Utils\Utils.vcxproj", "{173B73D6-78D5-4793-94C5-ADD51F5E166A}"
EndProject
Global
	GlobalSection(SolutionConfigurationPlatforms) = preSolution
		Debug|x64 = Debug|x64
		Debug|x86 = Debug|x86
		Release|x64 = Release|x64
		Release|x86 = Release|x86
	EndGlobalSection
	GlobalSection(ProjectConfigurationPlatforms) = postSolution
		{2516CB81-DB1D-40A7-9531-A53F077564B0}.Debug|x64.ActiveCfg = Debug|x64
		{2516CB81-DB1D-40A7-9531-A53F077564B0}.Debug|x64.Build.0 = Debug|x64
		{2516CB81-DB1D-40A7-9531-A53F077564B0}.Debug|x86.ActiveCfg = Debug|Win32
		{2516CB81-DB1D-40A7-9531-A53F077564B0}.Debug|x86.Build.0 = Debug|Win32
		{2516CB81-DB1D-40A7-9531-A53F077564B0}.Release|x64.ActiveCfg = Release|x64
		{2516CB81-DB1D-40A7-9531-A53F077564B0}.Release|x64.Build.0 = Release|x64
		{2516CB81-DB1D-40A7-9531-A53F077564B0}.Release|x86.ActiveCfg = Release|Win32
		{2516CB81-DB1D-40A7-9531-A53F077564B0}.Release|x86.Build.0 = Release|Win32
		{45654EB4-CC72-435C-B4E0-16CEB62D2389}.Debug|x64.ActiveCfg = Debug|x64
		{45654EB4-CC72-435C-B4E0-16CEB62D2389}.Debug|x64.Build.0 = Debug|x64
		{45654EB4-CC72-435C-B4E0-16CEB62D2389}.Debug|x86.ActiveCfg = Debug|Win32
		{45654EB4-CC72-435C-B4E0-16CEB62D2389}.Debug|x86.Build.0 = Debug|Win32
		{45654EB4-CC72-435C-B4E0-16CEB62D2389}.Release|x64.ActiveCfg = Release|x64
		{45654EB4-CC72-435C-B4E0-16CEB62D2389}.Release|x64.Build.0 = Release|x64
		{45654EB4-CC72-435C-B4E0-16CEB62D2389}.Release|x86.ActiveCfg = Release|Win32
		{45654EB4-CC72-435C-B4E0-16CEB62D2389}.Release|x86.Build.0 = Release|Win32
		{FF9A4A02-0DEC-40F4-B62C-C47ED9AF8B99}.Debug|x64.ActiveCfg = Debug|x64
		{FF9A4A02-0DEC-40F4-B62C-C47ED9AF8B99}.Debug|x64.Build.0 = Debug|x64
		{FF9A4A02-0DEC-40F4-B62C-C47ED9AF8B99}.Debug|x86.ActiveCfg = Debug|Win32
		{FF9A4A02-0DEC-40F4-B62C-C47ED9AF8B99}.Debug|x86.Build.0 = Debug|Win32
		{FF9A4A02-0DEC-40F4-B62C-C47ED9AF8B99}.Release|x64.ActiveCfg = Release|x64
		{FF9A4A02-0DEC-40F4-B62C-C47ED9AF8B99}.Release|x64.Build.0 = Release|x64
		{FF9A4A02-0DEC-40F4-B62C-C47ED9AF8B99}.Release|x86.ActiveCfg = Release|Win32
		{FF9A4A02-0DEC-40F4-B62C-C47ED9AF8B99}.Release|x86.Build.0 = Release|Win32
		{173B73D6-78D5-4793-94C5-ADD51F5E166A}.Debug|x64.ActiveCfg = Debug|x64
		{173B73D6-78D5-4793-94C5-ADD51F5E166A}.Debug|x64.Build.0 = Debug|x64
		{173B73D6-78D5-4793-94C5-ADD51F5E166A}.Debug|x86.ActiveCfg = Debug|Win32
		{173B73D6-78D5-4793-94C5-ADD51F5E166A}.Debug|x86.Build.0 = Debug|Win32
		{173B73D6-78D5-4793-94C5-ADD51F5E166A}.Release|x64.ActiveCfg = Release|x64
		{173B73D6-78D5-4793-94C5-ADD51F5E166A}.Release|x64.Build.0 = Release|x64
		{173B73D6-78D5-4793-94C5-ADD51F5E166A}.Release|x86.ActiveCfg = Release|Win32
		{173B73D6-78D5-4793-94C5-ADD51F5E166A}.Release|x86.Build.0 = Release|Win32
	EndGlobalSection
	GlobalSection(SolutionProperties) = preSolution
		HideSolutionNode = FALSE
	EndGlobalSection
EndGlobal
