<?xml version="1.0" encoding="utf-8"?>
<Project ToolsVersion="4.0" xmlns="http://schemas.microsoft.com/developer/msbuild/2003">
  <ItemGroup>
    <Filter Include="Source Files">
      <UniqueIdentifier>{4FC737F1-C7A5-4376-A066-2A32D752A2FF}</UniqueIdentifier>
      <Extensions>cpp;c;cc;cxx;def;odl;idl;hpj;bat;asm;asmx</Extensions>
    </Filter>
    <Filter Include="Header Files">
      <UniqueIdentifier>{93995380-89BD-4b04-88EB-625FBE52EBFB}</UniqueIdentifier>
      <Extensions>h;hh;hpp;hxx;hm;inl;inc;xsd</Extensions>
    </Filter>
    <Filter Include="Resource Files">
      <UniqueIdentifier>{67DA6AB6-F800-4c08-8B7A-83BB121AAD01}</UniqueIdentifier>
      <Extensions>rc;ico;cur;bmp;dlg;rc2;rct;bin;rgs;gif;jpg;jpeg;jpe;resx;tiff;tif;png;wav;mfcribbon-ms</Extensions>
    </Filter>
  </ItemGroup>
  <ItemGroup>
    <ClInclude Include="SyntaxAnalysis\GNonTerminal.h">
      <Filter>Header Files</Filter>
    </ClInclude>
    <ClInclude Include="SyntaxAnalysis\GSymbol.h">
      <Filter>Header Files</Filter>
    </ClInclude>
    <ClInclude Include="SyntaxAnalysis\GTerminal.h">
      <Filter>Header Files</Filter>
    </ClInclude>
    <ClInclude Include="SyntaxAnalysis\Parser.h">
      <Filter>Header Files</Filter>
    </ClInclude>
    <ClInclude Include="SyntaxAnalysis\ParseTable.h">
      <Filter>Header Files</Filter>
    </ClInclude>
    <ClInclude Include="SemanticAnalysis\SymbolTable.h">
      <Filter>Header Files</Filter>
    </ClInclude>
    <ClInclude Include="SemanticAnalysis\SymbolTableManager.h">
      <Filter>Header Files</Filter>
    </ClInclude>
    <ClInclude Include="SemanticAnalysis\SemanticRecord.h">
      <Filter>Header Files</Filter>
    </ClInclude>
    <ClInclude Include="SemanticAnalysis\SemanticVariable.h">
      <Filter>Header Files</Filter>
    </ClInclude>
    <ClInclude Include="SemanticAnalysis\SemanticFunction.h">
      <Filter>Header Files</Filter>
    </ClInclude>
    <ClInclude Include="SemanticAnalysis\SemanticClass.h">
      <Filter>Header Files</Filter>
    </ClInclude>
    <ClInclude Include="SyntaxAnalysis\SemanticAction.h">
      <Filter>Header Files</Filter>
    </ClInclude>
  </ItemGroup>
  <ItemGroup>
    <ClCompile Include="Driver.cpp">
      <Filter>Source Files</Filter>
    </ClCompile>
    <ClCompile Include="SyntaxAnalysis\GNonTerminal.cpp">
      <Filter>Source Files</Filter>
    </ClCompile>
    <ClCompile Include="SyntaxAnalysis\GSymbol.cpp">
      <Filter>Source Files</Filter>
    </ClCompile>
    <ClCompile Include="SyntaxAnalysis\GTerminal.cpp">
      <Filter>Source Files</Filter>
    </ClCompile>
    <ClCompile Include="SyntaxAnalysis\Parser.cpp">
      <Filter>Source Files</Filter>
    </ClCompile>
    <ClCompile Include="SyntaxAnalysis\ParseTable.cpp">
      <Filter>Source Files</Filter>
    </ClCompile>
    <ClCompile Include="SemanticAnalysis\SymbolTable.cpp">
      <Filter>Source Files</Filter>
    </ClCompile>
    <ClCompile Include="SemanticAnalysis\SymbolTableManager.cpp">
      <Filter>Source Files</Filter>
    </ClCompile>
    <ClCompile Include="SemanticAnalysis\SemanticRecord.cpp">
      <Filter>Source Files</Filter>
    </ClCompile>
    <ClCompile Include="SemanticAnalysis\SemanticVariable.cpp">
      <Filter>Source Files</Filter>
    </ClCompile>
    <ClCompile Include="SemanticAnalysis\SemanticFunction.cpp">
      <Filter>Source Files</Filter>
    </ClCompile>
    <ClCompile Include="SemanticAnalysis\SemanticClass.cpp">
      <Filter>Source Files</Filter>
    </ClCompile>
    <ClCompile Include="SyntaxAnalysis\SemanticAction.cpp">
      <Filter>Source Files</Filter>
    </ClCompile>
  </ItemGroup>
</Project>